// !$*UTF8*$!
{
	archiveVersion = 1;
	classes = {
	};
	objectVersion = 52;
	objects = {

/* Begin PBXBuildFile section */
		F00167BD24F40A9700232FFF /* AppDelegate.swift in Sources */ = {isa = PBXBuildFile; fileRef = F00167BC24F40A9700232FFF /* AppDelegate.swift */; };
		F00167BF24F40A9700232FFF /* SceneDelegate.swift in Sources */ = {isa = PBXBuildFile; fileRef = F00167BE24F40A9700232FFF /* SceneDelegate.swift */; };
		F00167C124F40A9700232FFF /* ViewController.swift in Sources */ = {isa = PBXBuildFile; fileRef = F00167C024F40A9700232FFF /* ViewController.swift */; };
		F00167C424F40A9700232FFF /* Main.storyboard in Resources */ = {isa = PBXBuildFile; fileRef = F00167C224F40A9700232FFF /* Main.storyboard */; };
		F00167C624F40A9800232FFF /* Assets.xcassets in Resources */ = {isa = PBXBuildFile; fileRef = F00167C524F40A9800232FFF /* Assets.xcassets */; };
		F00167C924F40A9800232FFF /* LaunchScreen.storyboard in Resources */ = {isa = PBXBuildFile; fileRef = F00167C724F40A9800232FFF /* LaunchScreen.storyboard */; };
		F036782B251E7F1A00A63C6C /* CircularTimerView.swift in Sources */ = {isa = PBXBuildFile; fileRef = F036782A251E7F1A00A63C6C /* CircularTimerView.swift */; };
		F036782E251E806C00A63C6C /* Lottie in Frameworks */ = {isa = PBXBuildFile; productRef = F036782D251E806C00A63C6C /* Lottie */; };
		F09E0DCF251FE69100BA082A /* timer_lottie.json in Resources */ = {isa = PBXBuildFile; fileRef = F09E0DCE251FE69000BA082A /* timer_lottie.json */; };
		F09E0DD2251FE9E400BA082A /* LottieAnimatable.swift in Sources */ = {isa = PBXBuildFile; fileRef = F09E0DD1251FE9E400BA082A /* LottieAnimatable.swift */; };
/* End PBXBuildFile section */

/* Begin PBXFileReference section */
		F00167B924F40A9700232FFF /* CircularTimerExample.app */ = {isa = PBXFileReference; explicitFileType = wrapper.application; includeInIndex = 0; path = CircularTimerExample.app; sourceTree = BUILT_PRODUCTS_DIR; };
		F00167BC24F40A9700232FFF /* AppDelegate.swift */ = {isa = PBXFileReference; lastKnownFileType = sourcecode.swift; path = AppDelegate.swift; sourceTree = "<group>"; };
		F00167BE24F40A9700232FFF /* SceneDelegate.swift */ = {isa = PBXFileReference; lastKnownFileType = sourcecode.swift; path = SceneDelegate.swift; sourceTree = "<group>"; };
		F00167C024F40A9700232FFF /* ViewController.swift */ = {isa = PBXFileReference; lastKnownFileType = sourcecode.swift; path = ViewController.swift; sourceTree = "<group>"; };
		F00167C324F40A9700232FFF /* Base */ = {isa = PBXFileReference; lastKnownFileType = file.storyboard; name = Base; path = Base.lproj/Main.storyboard; sourceTree = "<group>"; };
		F00167C524F40A9800232FFF /* Assets.xcassets */ = {isa = PBXFileReference; lastKnownFileType = folder.assetcatalog; path = Assets.xcassets; sourceTree = "<group>"; };
		F00167C824F40A9800232FFF /* Base */ = {isa = PBXFileReference; lastKnownFileType = file.storyboard; name = Base; path = Base.lproj/LaunchScreen.storyboard; sourceTree = "<group>"; };
		F00167CA24F40A9800232FFF /* Info.plist */ = {isa = PBXFileReference; lastKnownFileType = text.plist.xml; path = Info.plist; sourceTree = "<group>"; };
		F036782A251E7F1A00A63C6C /* CircularTimerView.swift */ = {isa = PBXFileReference; lastKnownFileType = sourcecode.swift; path = CircularTimerView.swift; sourceTree = "<group>"; };
		F09E0DCE251FE69000BA082A /* timer_lottie.json */ = {isa = PBXFileReference; fileEncoding = 4; lastKnownFileType = text.json; path = timer_lottie.json; sourceTree = "<group>"; };
		F09E0DD1251FE9E400BA082A /* LottieAnimatable.swift */ = {isa = PBXFileReference; lastKnownFileType = sourcecode.swift; path = LottieAnimatable.swift; sourceTree = "<group>"; };
/* End PBXFileReference section */

/* Begin PBXFrameworksBuildPhase section */
		F00167B624F40A9700232FFF /* Frameworks */ = {
			isa = PBXFrameworksBuildPhase;
			buildActionMask = 2147483647;
			files = (
				F036782E251E806C00A63C6C /* Lottie in Frameworks */,
			);
			runOnlyForDeploymentPostprocessing = 0;
		};
/* End PBXFrameworksBuildPhase section */

/* Begin PBXGroup section */
		F00167B024F40A9700232FFF = {
			isa = PBXGroup;
			children = (
				F00167BB24F40A9700232FFF /* CircularTimerExample */,
				F00167BA24F40A9700232FFF /* Products */,
			);
			sourceTree = "<group>";
		};
		F00167BA24F40A9700232FFF /* Products */ = {
			isa = PBXGroup;
			children = (
				F00167B924F40A9700232FFF /* CircularTimerExample.app */,
			);
			name = Products;
			sourceTree = "<group>";
		};
		F00167BB24F40A9700232FFF /* CircularTimerExample */ = {
			isa = PBXGroup;
			children = (
				F09E0DD0251FE99800BA082A /* Generalized Implementation */,
				F09E0DCE251FE69000BA082A /* timer_lottie.json */,
				F00167BC24F40A9700232FFF /* AppDelegate.swift */,
				F00167BE24F40A9700232FFF /* SceneDelegate.swift */,
				F00167C024F40A9700232FFF /* ViewController.swift */,
				F00167C224F40A9700232FFF /* Main.storyboard */,
				F00167C524F40A9800232FFF /* Assets.xcassets */,
				F00167C724F40A9800232FFF /* LaunchScreen.storyboard */,
				F00167CA24F40A9800232FFF /* Info.plist */,
				F036782A251E7F1A00A63C6C /* CircularTimerView.swift */,
			);
			path = CircularTimerExample;
			sourceTree = "<group>";
		};
		F09E0DD0251FE99800BA082A /* Generalized Implementation */ = {
			isa = PBXGroup;
			children = (
				F09E0DD1251FE9E400BA082A /* LottieAnimatable.swift */,
			);
			path = "Generalized Implementation";
			sourceTree = "<group>";
		};
/* End PBXGroup section */

/* Begin PBXNativeTarget section */
		F00167B824F40A9700232FFF /* CircularTimerExample */ = {
			isa = PBXNativeTarget;
			buildConfigurationList = F00167CD24F40A9800232FFF /* Build configuration list for PBXNativeTarget "CircularTimerExample" */;
			buildPhases = (
				F00167B524F40A9700232FFF /* Sources */,
				F00167B624F40A9700232FFF /* Frameworks */,
				F00167B724F40A9700232FFF /* Resources */,
			);
			buildRules = (
			);
			dependencies = (
			);
			name = CircularTimerExample;
			packageProductDependencies = (
				F036782D251E806C00A63C6C /* Lottie */,
			);
			productName = CircularTimerExample;
			productReference = F00167B924F40A9700232FFF /* CircularTimerExample.app */;
			productType = "com.apple.product-type.application";
		};
/* End PBXNativeTarget section */

/* Begin PBXProject section */
		F00167B124F40A9700232FFF /* Project object */ = {
			isa = PBXProject;
			attributes = {
				LastSwiftUpdateCheck = 1160;
				LastUpgradeCheck = 1160;
				ORGANIZATIONNAME = "Hugo Flores Perez";
				TargetAttributes = {
					F00167B824F40A9700232FFF = {
						CreatedOnToolsVersion = 11.6;
					};
				};
			};
			buildConfigurationList = F00167B424F40A9700232FFF /* Build configuration list for PBXProject "CircularTimerExample" */;
			compatibilityVersion = "Xcode 9.3";
			developmentRegion = en;
			hasScannedForEncodings = 0;
			knownRegions = (
				en,
				Base,
			);
			mainGroup = F00167B024F40A9700232FFF;
			packageReferences = (
				F036782C251E806C00A63C6C /* XCRemoteSwiftPackageReference "lottie-ios" */,
			);
			productRefGroup = F00167BA24F40A9700232FFF /* Products */;
			projectDirPath = "";
			projectRoot = "";
			targets = (
				F00167B824F40A9700232FFF /* CircularTimerExample */,
			);
		};
/* End PBXProject section */

/* Begin PBXResourcesBuildPhase section */
		F00167B724F40A9700232FFF /* Resources */ = {
			isa = PBXResourcesBuildPhase;
			buildActionMask = 2147483647;
			files = (
				F00167C924F40A9800232FFF /* LaunchScreen.storyboard in Resources */,
				F00167C624F40A9800232FFF /* Assets.xcassets in Resources */,
				F09E0DCF251FE69100BA082A /* timer_lottie.json in Resources */,
				F00167C424F40A9700232FFF /* Main.storyboard in Resources */,
			);
			runOnlyForDeploymentPostprocessing = 0;
		};
/* End PBXResourcesBuildPhase section */

/* Begin PBXSourcesBuildPhase section */
		F00167B524F40A9700232FFF /* Sources */ = {
			isa = PBXSourcesBuildPhase;
			buildActionMask = 2147483647;
			files = (
				F00167C124F40A9700232FFF /* ViewController.swift in Sources */,
				F00167BD24F40A9700232FFF /* AppDelegate.swift in Sources */,
				F09E0DD2251FE9E400BA082A /* LottieAnimatable.swift in Sources */,
				F00167BF24F40A9700232FFF /* SceneDelegate.swift in Sources */,
				F036782B251E7F1A00A63C6C /* CircularTimerView.swift in Sources */,
			);
			runOnlyForDeploymentPostprocessing = 0;
		};
/* End PBXSourcesBuildPhase section */

/* Begin PBXVariantGroup section */
		F00167C224F40A9700232FFF /* Main.storyboard */ = {
			isa = PBXVariantGroup;
			children = (
				F00167C324F40A9700232FFF /* Base */,
			);
			name = Main.storyboard;
			sourceTree = "<group>";
		};
		F00167C724F40A9800232FFF /* LaunchScreen.storyboard */ = {
			isa = PBXVariantGroup;
			children = (
				F00167C824F40A9800232FFF /* Base */,
			);
			name = LaunchScreen.storyboard;
			sourceTree = "<group>";
		};
/* End PBXVariantGroup section */

/* Begin XCBuildConfiguration section */
		F00167CB24F40A9800232FFF /* Debug */ = {
			isa = XCBuildConfiguration;
			buildSettings = {
				ALWAYS_SEARCH_USER_PATHS = NO;
				CLANG_ANALYZER_NONNULL = YES;
				CLANG_ANALYZER_NUMBER_OBJECT_CONVERSION = YES_AGGRESSIVE;
				CLANG_CXX_LANGUAGE_STANDARD = "gnu++14";
				CLANG_CXX_LIBRARY = "libc++";
				CLANG_ENABLE_MODULES = YES;
				CLANG_ENABLE_OBJC_ARC = YES;
				CLANG_ENABLE_OBJC_WEAK = YES;
				CLANG_WARN_BLOCK_CAPTURE_AUTORELEASING = YES;
				CLANG_WARN_BOOL_CONVERSION = YES;
				CLANG_WARN_COMMA = YES;
				CLANG_WARN_CONSTANT_CONVERSION = YES;
				CLANG_WARN_DEPRECATED_OBJC_IMPLEMENTATIONS = YES;
				CLANG_WARN_DIRECT_OBJC_ISA_USAGE = YES_ERROR;
				CLANG_WARN_DOCUMENTATION_COMMENTS = YES;
				CLANG_WARN_EMPTY_BODY = YES;
				CLANG_WARN_ENUM_CONVERSION = YES;
				CLANG_WARN_INFINITE_RECURSION = YES;
				CLANG_WARN_INT_CONVERSION = YES;
				CLANG_WARN_NON_LITERAL_NULL_CONVERSION = YES;
				CLANG_WARN_OBJC_IMPLICIT_RETAIN_SELF = YES;
				CLANG_WARN_OBJC_LITERAL_CONVERSION = YES;
				CLANG_WARN_OBJC_ROOT_CLASS = YES_ERROR;
				CLANG_WARN_RANGE_LOOP_ANALYSIS = YES;
				CLANG_WARN_STRICT_PROTOTYPES = YES;
				CLANG_WARN_SUSPICIOUS_MOVE = YES;
				CLANG_WARN_UNGUARDED_AVAILABILITY = YES_AGGRESSIVE;
				CLANG_WARN_UNREACHABLE_CODE = YES;
				CLANG_WARN__DUPLICATE_METHOD_MATCH = YES;
				COPY_PHASE_STRIP = NO;
				DEBUG_INFORMATION_FORMAT = dwarf;
				ENABLE_STRICT_OBJC_MSGSEND = YES;
				ENABLE_TESTABILITY = YES;
				GCC_C_LANGUAGE_STANDARD = gnu11;
				GCC_DYNAMIC_NO_PIC = NO;
				GCC_NO_COMMON_BLOCKS = YES;
				GCC_OPTIMIZATION_LEVEL = 0;
				GCC_PREPROCESSOR_DEFINITIONS = (
					"DEBUG=1",
					"$(inherited)",
				);
				GCC_WARN_64_TO_32_BIT_CONVERSION = YES;
				GCC_WARN_ABOUT_RETURN_TYPE = YES_ERROR;
				GCC_WARN_UNDECLARED_SELECTOR = YES;
				GCC_WARN_UNINITIALIZED_AUTOS = YES_AGGRESSIVE;
				GCC_WARN_UNUSED_FUNCTION = YES;
				GCC_WARN_UNUSED_VARIABLE = YES;
				IPHONEOS_DEPLOYMENT_TARGET = 13.6;
				MTL_ENABLE_DEBUG_INFO = INCLUDE_SOURCE;
				MTL_FAST_MATH = YES;
				ONLY_ACTIVE_ARCH = YES;
				SDKROOT = iphoneos;
				SWIFT_ACTIVE_COMPILATION_CONDITIONS = DEBUG;
				SWIFT_OPTIMIZATION_LEVEL = "-Onone";
			};
			name = Debug;
		};
		F00167CC24F40A9800232FFF /* Release */ = {
			isa = XCBuildConfiguration;
			buildSettings = {
				ALWAYS_SEARCH_USER_PATHS = NO;
				CLANG_ANALYZER_NONNULL = YES;
				CLANG_ANALYZER_NUMBER_OBJECT_CONVERSION = YES_AGGRESSIVE;
				CLANG_CXX_LANGUAGE_STANDARD = "gnu++14";
				CLANG_CXX_LIBRARY = "libc++";
				CLANG_ENABLE_MODULES = YES;
				CLANG_ENABLE_OBJC_ARC = YES;
				CLANG_ENABLE_OBJC_WEAK = YES;
				CLANG_WARN_BLOCK_CAPTURE_AUTORELEASING = YES;
				CLANG_WARN_BOOL_CONVERSION = YES;
				CLANG_WARN_COMMA = YES;
				CLANG_WARN_CONSTANT_CONVERSION = YES;
				CLANG_WARN_DEPRECATED_OBJC_IMPLEMENTATIONS = YES;
				CLANG_WARN_DIRECT_OBJC_ISA_USAGE = YES_ERROR;
				CLANG_WARN_DOCUMENTATION_COMMENTS = YES;
				CLANG_WARN_EMPTY_BODY = YES;
				CLANG_WARN_ENUM_CONVERSION = YES;
				CLANG_WARN_INFINITE_RECURSION = YES;
				CLANG_WARN_INT_CONVERSION = YES;
				CLANG_WARN_NON_LITERAL_NULL_CONVERSION = YES;
				CLANG_WARN_OBJC_IMPLICIT_RETAIN_SELF = YES;
				CLANG_WARN_OBJC_LITERAL_CONVERSION = YES;
				CLANG_WARN_OBJC_ROOT_CLASS = YES_ERROR;
				CLANG_WARN_RANGE_LOOP_ANALYSIS = YES;
				CLANG_WARN_STRICT_PROTOTYPES = YES;
				CLANG_WARN_SUSPICIOUS_MOVE = YES;
				CLANG_WARN_UNGUARDED_AVAILABILITY = YES_AGGRESSIVE;
				CLANG_WARN_UNREACHABLE_CODE = YES;
				CLANG_WARN__DUPLICATE_METHOD_MATCH = YES;
				COPY_PHASE_STRIP = NO;
				DEBUG_INFORMATION_FORMAT = "dwarf-with-dsym";
				ENABLE_NS_ASSERTIONS = NO;
				ENABLE_STRICT_OBJC_MSGSEND = YES;
				GCC_C_LANGUAGE_STANDARD = gnu11;
				GCC_NO_COMMON_BLOCKS = YES;
				GCC_WARN_64_TO_32_BIT_CONVERSION = YES;
				GCC_WARN_ABOUT_RETURN_TYPE = YES_ERROR;
				GCC_WARN_UNDECLARED_SELECTOR = YES;
				GCC_WARN_UNINITIALIZED_AUTOS = YES_AGGRESSIVE;
				GCC_WARN_UNUSED_FUNCTION = YES;
				GCC_WARN_UNUSED_VARIABLE = YES;
				IPHONEOS_DEPLOYMENT_TARGET = 13.6;
				MTL_ENABLE_DEBUG_INFO = NO;
				MTL_FAST_MATH = YES;
				SDKROOT = iphoneos;
				SWIFT_COMPILATION_MODE = wholemodule;
				SWIFT_OPTIMIZATION_LEVEL = "-O";
				VALIDATE_PRODUCT = YES;
			};
			name = Release;
		};
		F00167CE24F40A9800232FFF /* Debug */ = {
			isa = XCBuildConfiguration;
			buildSettings = {
				ASSETCATALOG_COMPILER_APPICON_NAME = AppIcon;
				CODE_SIGN_STYLE = Automatic;
				INFOPLIST_FILE = CircularTimerExample/Info.plist;
				LD_RUNPATH_SEARCH_PATHS = (
					"$(inherited)",
					"@executable_path/Frameworks",
				);
				PRODUCT_BUNDLE_IDENTIFIER = com.hfp.CircularTimerExample;
				PRODUCT_NAME = "$(TARGET_NAME)";
				SWIFT_VERSION = 5.0;
				TARGETED_DEVICE_FAMILY = "1,2";
			};
			name = Debug;
		};
		F00167CF24F40A9800232FFF /* Release */ = {
			isa = XCBuildConfiguration;
			buildSettings = {
				ASSETCATALOG_COMPILER_APPICON_NAME = AppIcon;
				CODE_SIGN_STYLE = Automatic;
				INFOPLIST_FILE = CircularTimerExample/Info.plist;
				LD_RUNPATH_SEARCH_PATHS = (
					"$(inherited)",
					"@executable_path/Frameworks",
				);
				PRODUCT_BUNDLE_IDENTIFIER = com.hfp.CircularTimerExample;
				PRODUCT_NAME = "$(TARGET_NAME)";
				SWIFT_VERSION = 5.0;
				TARGETED_DEVICE_FAMILY = "1,2";
			};
			name = Release;
		};
/* End XCBuildConfiguration section */

/* Begin XCConfigurationList section */
		F00167B424F40A9700232FFF /* Build configuration list for PBXProject "CircularTimerExample" */ = {
			isa = XCConfigurationList;
			buildConfigurations = (
				F00167CB24F40A9800232FFF /* Debug */,
				F00167CC24F40A9800232FFF /* Release */,
			);
			defaultConfigurationIsVisible = 0;
			defaultConfigurationName = Release;
		};
		F00167CD24F40A9800232FFF /* Build configuration list for PBXNativeTarget "CircularTimerExample" */ = {
			isa = XCConfigurationList;
			buildConfigurations = (
				F00167CE24F40A9800232FFF /* Debug */,
				F00167CF24F40A9800232FFF /* Release */,
			);
			defaultConfigurationIsVisible = 0;
			defaultConfigurationName = Release;
		};
/* End XCConfigurationList section */

/* Begin XCRemoteSwiftPackageReference section */
		F036782C251E806C00A63C6C /* XCRemoteSwiftPackageReference "lottie-ios" */ = {
			isa = XCRemoteSwiftPackageReference;
			repositoryURL = "https://github.com/airbnb/lottie-ios.git";
			requirement = {
				kind = upToNextMajorVersion;
				minimumVersion = 3.1.8;
			};
		};
/* End XCRemoteSwiftPackageReference section */

/* Begin XCSwiftPackageProductDependency section */
		F036782D251E806C00A63C6C /* Lottie */ = {
			isa = XCSwiftPackageProductDependency;
			package = F036782C251E806C00A63C6C /* XCRemoteSwiftPackageReference "lottie-ios" */;
			productName = Lottie;
		};
/* End XCSwiftPackageProductDependency section */
	};
	rootObject = F00167B124F40A9700232FFF /* Project object */;
}
